
Microsoft Visual Studio Solution File, Format Version 12.00
# Visual Studio Version 16
VisualStudioVersion = 16.0.31829.152
MinimumVisualStudioVersion = 10.0.40219.1
Project("{9A19103F-16F7-4668-BE54-9A1E7A4F7556}") = "EasySaveV2", "EasySaveV2.csproj", "{E74B11AF-5A88-42F2-AFAE-0083B96C8CB2}"
EndProject
Project("{FAE04EC0-301F-11D3-BF4B-00C04F79EFBC}") = "ClientEasySaveV2", "..\ClientEasySaveV2\ClientEasySaveV2.csproj", "{323182AE-A516-4992-BF10-DED428D5BE59}"
EndProject
Global
	GlobalSection(SolutionConfigurationPlatforms) = preSolution
		Debug|Any CPU = Debug|Any CPU
		Release|Any CPU = Release|Any CPU
	EndGlobalSection
	GlobalSection(ProjectConfigurationPlatforms) = postSolution
		{E74B11AF-5A88-42F2-AFAE-0083B96C8CB2}.Debug|Any CPU.ActiveCfg = Debug|Any CPU
		{E74B11AF-5A88-42F2-AFAE-0083B96C8CB2}.Debug|Any CPU.Build.0 = Debug|Any CPU
		{E74B11AF-5A88-42F2-AFAE-0083B96C8CB2}.Release|Any CPU.ActiveCfg = Release|Any CPU
		{E74B11AF-5A88-42F2-AFAE-0083B96C8CB2}.Release|Any CPU.Build.0 = Release|Any CPU
		{323182AE-A516-4992-BF10-DED428D5BE59}.Debug|Any CPU.ActiveCfg = Debug|Any CPU
		{323182AE-A516-4992-BF10-DED428D5BE59}.Debug|Any CPU.Build.0 = Debug|Any CPU
		{323182AE-A516-4992-BF10-DED428D5BE59}.Release|Any CPU.ActiveCfg = Release|Any CPU
		{323182AE-A516-4992-BF10-DED428D5BE59}.Release|Any CPU.Build.0 = Release|Any CPU
	EndGlobalSection
	GlobalSection(SolutionProperties) = preSolution
		HideSolutionNode = FALSE
	EndGlobalSection
	GlobalSection(ExtensibilityGlobals) = postSolution
		SolutionGuid = {44D3E050-0710-4F9C-8664-7DBF407A1511}
	EndGlobalSection
EndGlobal
